
Microsoft Visual Studio Solution File, Format Version 12.00
# Visual Studio 15
VisualStudioVersion = 15.0.27703.2042
MinimumVisualStudioVersion = 10.0.40219.1
Project("{FAE04EC0-301F-11D3-BF4B-00C04F79EFBC}") = "RacetrackSimulator", "RacetrackSimulator\RacetrackSimulator.csproj", "{6B799217-E51D-4160-9D49-EC25BC21AB80}"
EndProject
Global
	GlobalSection(SolutionConfigurationPlatforms) = preSolution
		Debug|Any CPU = Debug|Any CPU
		Release|Any CPU = Release|Any CPU
	EndGlobalSection
	GlobalSection(ProjectConfigurationPlatforms) = postSolution
		{6B799217-E51D-4160-9D49-EC25BC21AB80}.Debug|Any CPU.ActiveCfg = Debug|Any CPU
		{6B799217-E51D-4160-9D49-EC25BC21AB80}.Debug|Any CPU.Build.0 = Debug|Any CPU
		{6B799217-E51D-4160-9D49-EC25BC21AB80}.Release|Any CPU.ActiveCfg = Release|Any CPU
		{6B799217-E51D-4160-9D49-EC25BC21AB80}.Release|Any CPU.Build.0 = Release|Any CPU
	EndGlobalSection
	GlobalSection(SolutionProperties) = preSolution
		HideSolutionNode = FALSE
	EndGlobalSection
	GlobalSection(ExtensibilityGlobals) = postSolution
		SolutionGuid = {6179F0F3-3B79-4807-BAE6-0176DB5D0229}
	EndGlobalSection
EndGlobal
